pawee-workflow-kit v2.2.0-beta.5
adopted: 2026-04-20 (v1.0.2)
migrated: 2026-04-25 (v2.2.0-beta.5)
kit_commit: cf4b9d20dab82dbe0f3e3578e3d3a18056a827a6
kit_tag: v2.2.0-beta.5
extensions_count: 15
migrated_from: v2.0.0-beta.3 (commit 1a46a57d9deccb98ea3b05d8e64964e91a78670c) — original v1.0.2 commit 8e4b841
adoption_strategy: Option A Minimal (preserved through migration)

# Preserved prempawee-mature originals (not overwritten by migration):
#   - CLAUDE.md, AGENTS.md, AUDIT_LOG.md, KARPATHY.md
#   - docs/CLAUDE_CODE_SOP.md, docs/OPERATIONS.md, docs/SSS_STATUS.md,
#     docs/OPUS_4_7_GUIDANCE.md
#
# Migration delta: +§17 (architect-pre-verify-dispatch-content),
#                  +§18 (verbatim-content-render-preview),
#                  +§19 (intra-dispatch-sibling-template-verification)
