pawee-workflow-kit v2.0.0-beta.3
adopted: 2026-04-20 (v1.0.2)
migrated: 2026-04-24 (v2.0.0-beta.3)
kit_commit: 1a46a57d9deccb98ea3b05d8e64964e91a78670c
kit_tag: v2.0.0-beta.3
extensions_count: 15
migrated_from: v1.0.2 (commit 8e4b841e96b93bc23e0eb765c937a42899e8fe55)
adoption_strategy: Option A Minimal (preserved through migration)

# Preserved prempawee-mature originals (not overwritten by migration):
#   - CLAUDE.md, AGENTS.md, AUDIT_LOG.md, KARPATHY.md
#   - docs/CLAUDE_CODE_SOP.md, docs/OPERATIONS.md, docs/SSS_STATUS.md,
#     docs/OPUS_4_7_GUIDANCE.md
#
# Migration delta: +§17 (architect-pre-verify-dispatch-content),
#                  +§18 (verbatim-content-render-preview),
#                  +§19 (intra-dispatch-sibling-template-verification)
